
Microsoft Visual Studio Solution File, Format Version 12.00
# Visual Studio 15
VisualStudioVersion = 15.0.27428.2043
MinimumVisualStudioVersion = 10.0.40219.1
Project("{FAE04EC0-301F-11D3-BF4B-00C04F79EFBC}") = "iti-project", "iti-project\iti-project.csproj", "{C4CC101B-992C-4384-B5B8-A25B5AC659EF}"
EndProject
Global
	GlobalSection(SolutionConfigurationPlatforms) = preSolution
		Debug|Any CPU = Debug|Any CPU
		Release|Any CPU = Release|Any CPU
	EndGlobalSection
	GlobalSection(ProjectConfigurationPlatforms) = postSolution
		{C4CC101B-992C-4384-B5B8-A25B5AC659EF}.Debug|Any CPU.ActiveCfg = Debug|Any CPU
		{C4CC101B-992C-4384-B5B8-A25B5AC659EF}.Debug|Any CPU.Build.0 = Debug|Any CPU
		{C4CC101B-992C-4384-B5B8-A25B5AC659EF}.Release|Any CPU.ActiveCfg = Release|Any CPU
		{C4CC101B-992C-4384-B5B8-A25B5AC659EF}.Release|Any CPU.Build.0 = Release|Any CPU
	EndGlobalSection
	GlobalSection(SolutionProperties) = preSolution
		HideSolutionNode = FALSE
	EndGlobalSection
	GlobalSection(ExtensibilityGlobals) = postSolution
		SolutionGuid = {74920661-A52A-4EAA-9F62-89A64123781D}
	EndGlobalSection
EndGlobal
